
Microsoft Visual Studio Solution File, Format Version 12.00
# Visual Studio Version 17
VisualStudioVersion = 17.7.34031.279
MinimumVisualStudioVersion = 10.0.40219.1
Project("{9A19103F-16F7-4668-BE54-9A1E7A4F7556}") = "Save the ocean", "Save the ocean.csproj", "{EA74D710-1A9F-40B7-B466-1BE43DA550CA}"
EndProject
Project("{FAE04EC0-301F-11D3-BF4B-00C04F79EFBC}") = "TestProjectSaveTheOcean", "..\TestProjectSaveTheOcean\TestProjectSaveTheOcean.csproj", "{4A74C93D-E926-4174-9F2E-BCBCF52D5594}"
EndProject
Global
	GlobalSection(SolutionConfigurationPlatforms) = preSolution
		Debug|Any CPU = Debug|Any CPU
		Release|Any CPU = Release|Any CPU
	EndGlobalSection
	GlobalSection(ProjectConfigurationPlatforms) = postSolution
		{EA74D710-1A9F-40B7-B466-1BE43DA550CA}.Debug|Any CPU.ActiveCfg = Debug|Any CPU
		{EA74D710-1A9F-40B7-B466-1BE43DA550CA}.Debug|Any CPU.Build.0 = Debug|Any CPU
		{EA74D710-1A9F-40B7-B466-1BE43DA550CA}.Release|Any CPU.ActiveCfg = Release|Any CPU
		{EA74D710-1A9F-40B7-B466-1BE43DA550CA}.Release|Any CPU.Build.0 = Release|Any CPU
		{4A74C93D-E926-4174-9F2E-BCBCF52D5594}.Debug|Any CPU.ActiveCfg = Debug|Any CPU
		{4A74C93D-E926-4174-9F2E-BCBCF52D5594}.Debug|Any CPU.Build.0 = Debug|Any CPU
		{4A74C93D-E926-4174-9F2E-BCBCF52D5594}.Release|Any CPU.ActiveCfg = Release|Any CPU
		{4A74C93D-E926-4174-9F2E-BCBCF52D5594}.Release|Any CPU.Build.0 = Release|Any CPU
	EndGlobalSection
	GlobalSection(SolutionProperties) = preSolution
		HideSolutionNode = FALSE
	EndGlobalSection
	GlobalSection(ExtensibilityGlobals) = postSolution
		SolutionGuid = {1AB4F548-2785-4F6B-928E-923294361043}
	EndGlobalSection
EndGlobal
